
Microsoft Visual Studio Solution File, Format Version 12.00
# Visual Studio Version 16
VisualStudioVersion = 16.0.33027.164
MinimumVisualStudioVersion = 10.0.40219.1
Project("{F184B08F-C81C-45F6-A57F-5ABD9991F28F}") = "A and R automobiles", "A and R automobiles\A and R automobiles.vbproj", "{F4F29A30-D5AC-4690-94BE-8570C4EF3D06}"
EndProject
Global
	GlobalSection(SolutionConfigurationPlatforms) = preSolution
		Debug|Any CPU = Debug|Any CPU
		Release|Any CPU = Release|Any CPU
	EndGlobalSection
	GlobalSection(ProjectConfigurationPlatforms) = postSolution
		{F4F29A30-D5AC-4690-94BE-8570C4EF3D06}.Debug|Any CPU.ActiveCfg = Debug|Any CPU
		{F4F29A30-D5AC-4690-94BE-8570C4EF3D06}.Debug|Any CPU.Build.0 = Debug|Any CPU
		{F4F29A30-D5AC-4690-94BE-8570C4EF3D06}.Release|Any CPU.ActiveCfg = Release|Any CPU
		{F4F29A30-D5AC-4690-94BE-8570C4EF3D06}.Release|Any CPU.Build.0 = Release|Any CPU
	EndGlobalSection
	GlobalSection(SolutionProperties) = preSolution
		HideSolutionNode = FALSE
	EndGlobalSection
	GlobalSection(ExtensibilityGlobals) = postSolution
		SolutionGuid = {30E272FA-1B26-44B4-9A17-048CAA63FD68}
	EndGlobalSection
EndGlobal
